
Microsoft Visual Studio Solution File, Format Version 12.00
# Visual Studio Version 17
VisualStudioVersion = 17.14.36518.9
MinimumVisualStudioVersion = 10.0.40219.1
Project("{FAE04EC0-301F-11D3-BF4B-00C04F79EFBC}") = "WebAPI", "WebAPI\WebAPI.csproj", "{EC4D9EDF-4B84-4D7C-8785-5025AF8399DC}"
EndProject
Project("{FAE04EC0-301F-11D3-BF4B-00C04F79EFBC}") = "SharedLibrary", "SharedLibrary\SharedLibrary.csproj", "{2BB83C70-A316-4E30-DA94-F03E02E54AFB}"
EndProject
Project("{FAE04EC0-301F-11D3-BF4B-00C04F79EFBC}") = "BloodPressureApp", "BloodPressureApp\BloodPressureApp.csproj", "{E1F06001-14B0-4CCB-B308-B2B3C6D8599C}"
EndProject
Project("{FAE04EC0-301F-11D3-BF4B-00C04F79EFBC}") = "Tests", "Tests\Tests.csproj", "{9CF47860-2CEA-F379-09D8-9AEF27965D12}"
EndProject
Global
	GlobalSection(SolutionConfigurationPlatforms) = preSolution
		Debug|Any CPU = Debug|Any CPU
		Release|Any CPU = Release|Any CPU
	EndGlobalSection
	GlobalSection(ProjectConfigurationPlatforms) = postSolution
		{EC4D9EDF-4B84-4D7C-8785-5025AF8399DC}.Debug|Any CPU.ActiveCfg = Debug|Any CPU
		{EC4D9EDF-4B84-4D7C-8785-5025AF8399DC}.Debug|Any CPU.Build.0 = Debug|Any CPU
		{EC4D9EDF-4B84-4D7C-8785-5025AF8399DC}.Release|Any CPU.ActiveCfg = Release|Any CPU
		{EC4D9EDF-4B84-4D7C-8785-5025AF8399DC}.Release|Any CPU.Build.0 = Release|Any CPU
		{2BB83C70-A316-4E30-DA94-F03E02E54AFB}.Debug|Any CPU.ActiveCfg = Debug|Any CPU
		{2BB83C70-A316-4E30-DA94-F03E02E54AFB}.Debug|Any CPU.Build.0 = Debug|Any CPU
		{2BB83C70-A316-4E30-DA94-F03E02E54AFB}.Release|Any CPU.ActiveCfg = Release|Any CPU
		{2BB83C70-A316-4E30-DA94-F03E02E54AFB}.Release|Any CPU.Build.0 = Release|Any CPU
		{E1F06001-14B0-4CCB-B308-B2B3C6D8599C}.Debug|Any CPU.ActiveCfg = Debug|Any CPU
		{E1F06001-14B0-4CCB-B308-B2B3C6D8599C}.Debug|Any CPU.Build.0 = Debug|Any CPU
		{E1F06001-14B0-4CCB-B308-B2B3C6D8599C}.Debug|Any CPU.Deploy.0 = Debug|Any CPU
		{E1F06001-14B0-4CCB-B308-B2B3C6D8599C}.Release|Any CPU.ActiveCfg = Release|Any CPU
		{E1F06001-14B0-4CCB-B308-B2B3C6D8599C}.Release|Any CPU.Build.0 = Release|Any CPU
		{9CF47860-2CEA-F379-09D8-9AEF27965D12}.Debug|Any CPU.ActiveCfg = Debug|Any CPU
		{9CF47860-2CEA-F379-09D8-9AEF27965D12}.Debug|Any CPU.Build.0 = Debug|Any CPU
		{9CF47860-2CEA-F379-09D8-9AEF27965D12}.Release|Any CPU.ActiveCfg = Release|Any CPU
		{9CF47860-2CEA-F379-09D8-9AEF27965D12}.Release|Any CPU.Build.0 = Release|Any CPU
	EndGlobalSection
	GlobalSection(SolutionProperties) = preSolution
		HideSolutionNode = FALSE
	EndGlobalSection
	GlobalSection(ExtensibilityGlobals) = postSolution
		SolutionGuid = {D908EA78-7E17-4E8F-8E4A-49A225709BA8}
	EndGlobalSection
EndGlobal
