
Microsoft Visual Studio Solution File, Format Version 12.00
# Visual Studio Version 17
VisualStudioVersion = 17.14.36518.9
MinimumVisualStudioVersion = 10.0.40219.1
Project("{FAE04EC0-301F-11D3-BF4B-00C04F79EFBC}") = "WebAPI", "WebAPI\WebAPI.csproj", "{EC4D9EDF-4B84-4D7C-8785-5025AF8399DC}"
EndProject
Project("{FAE04EC0-301F-11D3-BF4B-00C04F79EFBC}") = "SharedLibrary", "SharedLibrary\SharedLibrary.csproj", "{2BB83C70-A316-4E30-DA94-F03E02E54AFB}"
EndProject
Project("{FAE04EC0-301F-11D3-BF4B-00C04F79EFBC}") = "Tests", "Tests\Tests.csproj", "{9CF47860-2CEA-F379-09D8-9AEF27965D12}"
EndProject
Project("{FAE04EC0-301F-11D3-BF4B-00C04F79EFBC}") = "SharedDataSource", "SharedDataSource\SharedDataSource.csproj", "{83039069-3749-4C6F-AA41-CF69BEDAE4AD}"
EndProject
Project("{FAE04EC0-301F-11D3-BF4B-00C04F79EFBC}") = "BloodPressureApp.AppHost", "BloodPressureApp.AppHost\BloodPressureApp.AppHost.csproj", "{EB8BD3D8-168E-47D6-9629-AB4FCC375A14}"
EndProject
Project("{FAE04EC0-301F-11D3-BF4B-00C04F79EFBC}") = "BloodPressureApp.ServiceDefaults", "BloodPressureApp.ServiceDefaults\BloodPressureApp.ServiceDefaults.csproj", "{0B235EEC-4664-435D-127F-47361C8E00A8}"
EndProject
Global
	GlobalSection(SolutionConfigurationPlatforms) = preSolution
		Debug|Any CPU = Debug|Any CPU
		Release|Any CPU = Release|Any CPU
	EndGlobalSection
	GlobalSection(ProjectConfigurationPlatforms) = postSolution
		{EC4D9EDF-4B84-4D7C-8785-5025AF8399DC}.Debug|Any CPU.ActiveCfg = Debug|Any CPU
		{EC4D9EDF-4B84-4D7C-8785-5025AF8399DC}.Debug|Any CPU.Build.0 = Debug|Any CPU
		{EC4D9EDF-4B84-4D7C-8785-5025AF8399DC}.Release|Any CPU.ActiveCfg = Release|Any CPU
		{EC4D9EDF-4B84-4D7C-8785-5025AF8399DC}.Release|Any CPU.Build.0 = Release|Any CPU
		{2BB83C70-A316-4E30-DA94-F03E02E54AFB}.Debug|Any CPU.ActiveCfg = Debug|Any CPU
		{2BB83C70-A316-4E30-DA94-F03E02E54AFB}.Debug|Any CPU.Build.0 = Debug|Any CPU
		{2BB83C70-A316-4E30-DA94-F03E02E54AFB}.Release|Any CPU.ActiveCfg = Release|Any CPU
		{2BB83C70-A316-4E30-DA94-F03E02E54AFB}.Release|Any CPU.Build.0 = Release|Any CPU
		{9CF47860-2CEA-F379-09D8-9AEF27965D12}.Debug|Any CPU.ActiveCfg = Debug|Any CPU
		{9CF47860-2CEA-F379-09D8-9AEF27965D12}.Debug|Any CPU.Build.0 = Debug|Any CPU
		{9CF47860-2CEA-F379-09D8-9AEF27965D12}.Release|Any CPU.ActiveCfg = Release|Any CPU
		{9CF47860-2CEA-F379-09D8-9AEF27965D12}.Release|Any CPU.Build.0 = Release|Any CPU
		{83039069-3749-4C6F-AA41-CF69BEDAE4AD}.Debug|Any CPU.ActiveCfg = Debug|Any CPU
		{83039069-3749-4C6F-AA41-CF69BEDAE4AD}.Debug|Any CPU.Build.0 = Debug|Any CPU
		{83039069-3749-4C6F-AA41-CF69BEDAE4AD}.Release|Any CPU.ActiveCfg = Release|Any CPU
		{83039069-3749-4C6F-AA41-CF69BEDAE4AD}.Release|Any CPU.Build.0 = Release|Any CPU
		{EB8BD3D8-168E-47D6-9629-AB4FCC375A14}.Debug|Any CPU.ActiveCfg = Debug|Any CPU
		{EB8BD3D8-168E-47D6-9629-AB4FCC375A14}.Debug|Any CPU.Build.0 = Debug|Any CPU
		{EB8BD3D8-168E-47D6-9629-AB4FCC375A14}.Release|Any CPU.ActiveCfg = Release|Any CPU
		{EB8BD3D8-168E-47D6-9629-AB4FCC375A14}.Release|Any CPU.Build.0 = Release|Any CPU
		{0B235EEC-4664-435D-127F-47361C8E00A8}.Debug|Any CPU.ActiveCfg = Debug|Any CPU
		{0B235EEC-4664-435D-127F-47361C8E00A8}.Debug|Any CPU.Build.0 = Debug|Any CPU
		{0B235EEC-4664-435D-127F-47361C8E00A8}.Release|Any CPU.ActiveCfg = Release|Any CPU
		{0B235EEC-4664-435D-127F-47361C8E00A8}.Release|Any CPU.Build.0 = Release|Any CPU
	EndGlobalSection
	GlobalSection(SolutionProperties) = preSolution
		HideSolutionNode = FALSE
	EndGlobalSection
	GlobalSection(ExtensibilityGlobals) = postSolution
		SolutionGuid = {D908EA78-7E17-4E8F-8E4A-49A225709BA8}
	EndGlobalSection
EndGlobal
